{
  "name": "connection-adapter",
  "version": "1.8.3",
  "lockfileVersion": 1,
  "requires": true,
  "dependencies": {
    "rxjs": {
      "version": "5.6.0-forward-compat.5",
      "resolved": "https://registry.npmjs.org/rxjs/-/rxjs-5.6.0-forward-compat.5.tgz",
      "integrity": "sha512-CJ9UIV5LlcyGhKWOVvZa4PcVbJJbGNcTunG29cflNo+Y2jAZgvMdZVl4xwYNiYK5gmley/0QuAFVJ0M4GO+GNQ==",
      "dev": true,
      "requires": {
        "symbol-observable": "1.0.1"
      }
    },
    "symbol-observable": {
      "version": "1.0.1",
      "resolved": "https://registry.npmjs.org/symbol-observable/-/symbol-observable-1.0.1.tgz",
      "integrity": "sha1-g0D8RwLDEi310iKI+IKD9RPT/dQ=",
      "dev": true
    },
    "typescript": {
      "version": "2.4.2",
      "resolved": "https://registry.npmjs.org/typescript/-/typescript-2.4.2.tgz",
      "integrity": "sha1-+DlfhdRZJ2BnyYiqQYN6j4KHCEQ=",
      "dev": true
    }
  }
}
